
Microsoft Visual Studio Solution File, Format Version 12.00
# Visual Studio 15
VisualStudioVersion = 15.0.27703.2035
MinimumVisualStudioVersion = 10.0.40219.1
Project("{FAE04EC0-301F-11D3-BF4B-00C04F79EFBC}") = "MOLFunds", "MOLFunds\MOLFunds.csproj", "{A397614B-0BFA-438A-B66A-C54524EEC528}"
EndProject
Global
	GlobalSection(SolutionConfigurationPlatforms) = preSolution
		Debug|Any CPU = Debug|Any CPU
		Release|Any CPU = Release|Any CPU
	EndGlobalSection
	GlobalSection(ProjectConfigurationPlatforms) = postSolution
		{A397614B-0BFA-438A-B66A-C54524EEC528}.Debug|Any CPU.ActiveCfg = Debug|Any CPU
		{A397614B-0BFA-438A-B66A-C54524EEC528}.Debug|Any CPU.Build.0 = Debug|Any CPU
		{A397614B-0BFA-438A-B66A-C54524EEC528}.Release|Any CPU.ActiveCfg = Release|Any CPU
		{A397614B-0BFA-438A-B66A-C54524EEC528}.Release|Any CPU.Build.0 = Release|Any CPU
	EndGlobalSection
	GlobalSection(SolutionProperties) = preSolution
		HideSolutionNode = FALSE
	EndGlobalSection
	GlobalSection(ExtensibilityGlobals) = postSolution
		SolutionGuid = {1BD86C84-82E4-4484-B182-F97186DCD2DB}
	EndGlobalSection
EndGlobal
